
Microsoft Visual Studio Solution File, Format Version 12.00
# Visual Studio Version 17
VisualStudioVersion = 17.11.35222.181
MinimumVisualStudioVersion = 10.0.40219.1
Project("{9A19103F-16F7-4668-BE54-9A1E7A4F7556}") = "Farm_Alert", "Farm_Alert.csproj", "{138EE5E8-7FC3-44C8-9B08-9F321CE3DF33}"
EndProject
Global
	GlobalSection(SolutionConfigurationPlatforms) = preSolution
		Debug|Any CPU = Debug|Any CPU
		Release|Any CPU = Release|Any CPU
	EndGlobalSection
	GlobalSection(ProjectConfigurationPlatforms) = postSolution
		{138EE5E8-7FC3-44C8-9B08-9F321CE3DF33}.Debug|Any CPU.ActiveCfg = Debug|Any CPU
		{138EE5E8-7FC3-44C8-9B08-9F321CE3DF33}.Debug|Any CPU.Build.0 = Debug|Any CPU
		{138EE5E8-7FC3-44C8-9B08-9F321CE3DF33}.Release|Any CPU.ActiveCfg = Release|Any CPU
		{138EE5E8-7FC3-44C8-9B08-9F321CE3DF33}.Release|Any CPU.Build.0 = Release|Any CPU
	EndGlobalSection
	GlobalSection(SolutionProperties) = preSolution
		HideSolutionNode = FALSE
	EndGlobalSection
	GlobalSection(ExtensibilityGlobals) = postSolution
		SolutionGuid = {635F121C-ED90-4422-AECC-CC08DC2D0AB9}
	EndGlobalSection
EndGlobal
